
Microsoft Visual Studio Solution File, Format Version 12.00
# Visual Studio Version 16
VisualStudioVersion = 16.0.30128.74
MinimumVisualStudioVersion = 10.0.40219.1
Project("{FAE04EC0-301F-11D3-BF4B-00C04F79EFBC}") = "Fushion", "Fushion.csproj", "{F3AF1A3C-4A33-457C-9631-5BF277834017}"
EndProject
Global
	GlobalSection(SolutionConfigurationPlatforms) = preSolution
		Debug|Any CPU = Debug|Any CPU
		Release|Any CPU = Release|Any CPU
	EndGlobalSection
	GlobalSection(ProjectConfigurationPlatforms) = postSolution
		{F3AF1A3C-4A33-457C-9631-5BF277834017}.Debug|Any CPU.ActiveCfg = Debug|Any CPU
		{F3AF1A3C-4A33-457C-9631-5BF277834017}.Debug|Any CPU.Build.0 = Debug|Any CPU
		{F3AF1A3C-4A33-457C-9631-5BF277834017}.Release|Any CPU.ActiveCfg = Release|Any CPU
		{F3AF1A3C-4A33-457C-9631-5BF277834017}.Release|Any CPU.Build.0 = Release|Any CPU
	EndGlobalSection
	GlobalSection(SolutionProperties) = preSolution
		HideSolutionNode = FALSE
	EndGlobalSection
	GlobalSection(ExtensibilityGlobals) = postSolution
		SolutionGuid = {4473AF0D-3622-45B2-B13C-6E1A5F866FA4}
	EndGlobalSection
EndGlobal
